
Microsoft Visual Studio Solution File, Format Version 12.00
# Visual Studio Version 17
VisualStudioVersion = 17.10.35122.118
MinimumVisualStudioVersion = 10.0.40219.1
Project("{FAE04EC0-301F-11D3-BF4B-00C04F79EFBC}") = "CinemaBuffetSalesApplication", "CinemaBuffetSalesApplication\CinemaBuffetSalesApplication.csproj", "{8F4B14B1-1E04-477C-B5B9-12249C080960}"
EndProject
Global
	GlobalSection(SolutionConfigurationPlatforms) = preSolution
		Debug|Any CPU = Debug|Any CPU
		Release|Any CPU = Release|Any CPU
	EndGlobalSection
	GlobalSection(ProjectConfigurationPlatforms) = postSolution
		{8F4B14B1-1E04-477C-B5B9-12249C080960}.Debug|Any CPU.ActiveCfg = Debug|Any CPU
		{8F4B14B1-1E04-477C-B5B9-12249C080960}.Debug|Any CPU.Build.0 = Debug|Any CPU
		{8F4B14B1-1E04-477C-B5B9-12249C080960}.Release|Any CPU.ActiveCfg = Release|Any CPU
		{8F4B14B1-1E04-477C-B5B9-12249C080960}.Release|Any CPU.Build.0 = Release|Any CPU
	EndGlobalSection
	GlobalSection(SolutionProperties) = preSolution
		HideSolutionNode = FALSE
	EndGlobalSection
	GlobalSection(ExtensibilityGlobals) = postSolution
		SolutionGuid = {89E75DA5-3BDB-4921-9DDF-5315D6C87791}
	EndGlobalSection
EndGlobal
